{
  "requires": true,
  "lockfileVersion": 1,
  "dependencies": {
    "@types/node": {
      "version": "13.5.3",
      "resolved": "https://registry.npmjs.org/@types/node/-/node-13.5.3.tgz",
      "integrity": "sha512-ZPnWX9PW992w6DUsz3JIXHaSb5v7qmKCVzC3km6SxcDGxk7zmLfYaCJTbktIa5NeywJkkZDhGldKqDIvC5DRrA=="
    },
    "typescript": {
      "version": "3.7.5",
      "resolved": "https://registry.npmjs.org/typescript/-/typescript-3.7.5.tgz",
      "integrity": "sha512-/P5lkRXkWHNAbcJIiHPfRoKqyd7bsyCma1hZNUGfn20qm64T6ZBlrzprymeu918H+mB/0rIg2gGK/BXkhhYgBw==",
      "dev": true
    }
  }
}
